
Microsoft Visual Studio Solution File, Format Version 12.00
# Visual Studio Version 17
VisualStudioVersion = 17.12.35707.178 d17.12
MinimumVisualStudioVersion = 10.0.40219.1
Project("{FAE04EC0-301F-11D3-BF4B-00C04F79EFBC}") = "PomoFlow", "PomoFlow.csproj", "{42F3145F-A852-4C7B-B079-DC142B53EE10}"
EndProject
Project("{FAE04EC0-301F-11D3-BF4B-00C04F79EFBC}") = "PomoFlow.Desktop", "..\PomoFlow.Desktop\PomoFlow.Desktop.csproj", "{3AE4972E-C6C0-4FB2-8F9F-A078B98847D5}"
EndProject
Global
	GlobalSection(SolutionConfigurationPlatforms) = preSolution
		Debug|Any CPU = Debug|Any CPU
		Release|Any CPU = Release|Any CPU
	EndGlobalSection
	GlobalSection(ProjectConfigurationPlatforms) = postSolution
		{42F3145F-A852-4C7B-B079-DC142B53EE10}.Debug|Any CPU.ActiveCfg = Debug|Any CPU
		{42F3145F-A852-4C7B-B079-DC142B53EE10}.Debug|Any CPU.Build.0 = Debug|Any CPU
		{42F3145F-A852-4C7B-B079-DC142B53EE10}.Release|Any CPU.ActiveCfg = Release|Any CPU
		{42F3145F-A852-4C7B-B079-DC142B53EE10}.Release|Any CPU.Build.0 = Release|Any CPU
		{3AE4972E-C6C0-4FB2-8F9F-A078B98847D5}.Debug|Any CPU.ActiveCfg = Debug|Any CPU
		{3AE4972E-C6C0-4FB2-8F9F-A078B98847D5}.Debug|Any CPU.Build.0 = Debug|Any CPU
		{3AE4972E-C6C0-4FB2-8F9F-A078B98847D5}.Release|Any CPU.ActiveCfg = Release|Any CPU
		{3AE4972E-C6C0-4FB2-8F9F-A078B98847D5}.Release|Any CPU.Build.0 = Release|Any CPU
	EndGlobalSection
	GlobalSection(SolutionProperties) = preSolution
		HideSolutionNode = FALSE
	EndGlobalSection
EndGlobal
